
Microsoft Visual Studio Solution File, Format Version 12.00
# Visual Studio Version 16
VisualStudioVersion = 16.0.30128.74
MinimumVisualStudioVersion = 10.0.40219.1
Project("{FAE04EC0-301F-11D3-BF4B-00C04F79EFBC}") = "BinarySearchTree2", "BinarySearchTree2\BinarySearchTree2.csproj", "{A74B38FA-156B-403F-B297-5BDED883CA96}"
EndProject
Global
	GlobalSection(SolutionConfigurationPlatforms) = preSolution
		Debug|Any CPU = Debug|Any CPU
		Release|Any CPU = Release|Any CPU
	EndGlobalSection
	GlobalSection(ProjectConfigurationPlatforms) = postSolution
		{A74B38FA-156B-403F-B297-5BDED883CA96}.Debug|Any CPU.ActiveCfg = Debug|Any CPU
		{A74B38FA-156B-403F-B297-5BDED883CA96}.Debug|Any CPU.Build.0 = Debug|Any CPU
		{A74B38FA-156B-403F-B297-5BDED883CA96}.Release|Any CPU.ActiveCfg = Release|Any CPU
		{A74B38FA-156B-403F-B297-5BDED883CA96}.Release|Any CPU.Build.0 = Release|Any CPU
	EndGlobalSection
	GlobalSection(SolutionProperties) = preSolution
		HideSolutionNode = FALSE
	EndGlobalSection
	GlobalSection(ExtensibilityGlobals) = postSolution
		SolutionGuid = {27253407-6C86-499D-B296-B0CD7A28C894}
	EndGlobalSection
EndGlobal
